version = 1
revision = 3
requires-python = ">=3.13"

[[package]]
name = "colorama"
version = "0.4.6"
source = { registry = "https://pypi.org/simple" }
sdist = { url = "https://files.pythonhosted.org/packages/d8/53/6f443c9a4a8358a93a6792e2acffb9d9d5cb0a5cfd8802644b7b1c9a02e4/colorama-0.4.6.tar.gz", hash = "sha256:08695f5cb7ed6e0531a20572697297273c47b8cae5a63ffc6d6ed5c201be6e44", size = 27697, upload-time = "2022-10-25T02:36:22.414Z" }
wheels = [
    { url = "https://files.pythonhosted.org/packages/d1/d6/3965ed04c63042e047cb6a3e6ed1a63a35087b6a609aa3a15ed8ac56c221/colorama-0.4.6-py2.py3-none-any.whl", hash = "sha256:4f1d9991f5acc0ca119f9d443620b77f9d6b33703e51011c16baf57afb285fc6", size = 25335, upload-time = "2022-10-25T02:36:20.889Z" },
]

[[package]]
name = "iniconfig"
version = "2.3.0"
source = { registry = "https://pypi.org/simple" }
sdist = { url = "https://files.pythonhosted.org/packages/72/34/14ca021ce8e5dfedc35312d08ba8bf51fdd999c576889fc2c24cb97f4f10/iniconfig-2.3.0.tar.gz", hash = "sha256:c76315c77db068650d49c5b56314774a7804df16fee4402c1f19d6d15d8c4730", size = 20503, upload-time = "2025-10-18T21:55:43.219Z" }
wheels = [
    { url = "https://files.pythonhosted.org/packages/cb/b1/3846dd7f199d53cb17f49cba7e651e9ce294d8497c8c150530ed11865bb8/iniconfig-2.3.0-py3-none-any.whl", hash = "sha256:f631c04d2c48c52b84d0d0549c99ff3859c98df65b3101406327ecc7d53fbf12", size = 7484, upload-time = "2025-10-18T21:55:41.639Z" },
]

[[package]]
name = "neologdn"
version = "0.5.6"
source = { registry = "https://pypi.org/simple" }
sdist = { url = "https://files.pythonhosted.org/packages/17/33/62ac03093b700f6669fc44be9db39aa8ec05e8e2e53ac312ad146adaf1ce/neologdn-0.5.6.tar.gz", hash = "sha256:8f93ebf1dda431a32264980d4b03060bb6f08d3f16add53b453850461c07e1e6", size = 105199, upload-time = "2025-12-02T05:50:22.858Z" }
wheels = [
    { url = "https://files.pythonhosted.org/packages/82/50/ce1d7668b278ae4a68ee26e7b31fd92b52387cba575bf203363114cf6b1f/neologdn-0.5.6-cp313-cp313-macosx_10_13_universal2.whl", hash = "sha256:25a92e04cfd2ddc1a96f190a553abb111ab1c0ad0b43f3e5b7e40147a82cda05", size = 83927, upload-time = "2025-12-02T05:48:52.327Z" },
    { url = "https://files.pythonhosted.org/packages/a6/e1/16dc809b10a21f302a56ec5318cb0b2f141514886705ca60696c1d378610/neologdn-0.5.6-cp313-cp313-macosx_10_13_x86_64.whl", hash = "sha256:9277ee1290e78dd5303027e38ed17e2765c2af1fcba669abfe5d9059e466a615", size = 47624, upload-time = "2025-12-02T05:48:53.307Z" },
    { url = "https://files.pythonhosted.org/packages/41/ef/31ecfb896288a446e60df33b88e372a6647fe23b38e79c913ad89144bf5c/neologdn-0.5.6-cp313-cp313-macosx_11_0_arm64.whl", hash = "sha256:76f2b243612cda186429ffa25d54d469efb7db8c9244e823bada1c51ab8a4984", size = 45862, upload-time = "2025-12-02T05:48:54.341Z" },
    { url = "https://files.pythonhosted.org/packages/c9/74/b2c5b4e058029a148eb03de55e61af8346bee55e6a104995b6c325e38ef7/neologdn-0.5.6-cp313-cp313-manylinux_2_24_aarch64.manylinux_2_28_aarch64.whl", hash = "sha256:8f390b87dd94a1c7851d95ff12c783023c0365cb1764f3f4daad1a004df241d4", size = 261566, upload-time = "2025-12-02T05:48:55.391Z" },
    { url = "https://files.pythonhosted.org/packages/fd/04/e9d4e6e63ef80f986046d1865d2fd90107fb24cc095705d96fb9099f87ad/neologdn-0.5.6-cp313-cp313-manylinux_2_24_ppc64le.manylinux_2_28_ppc64le.whl", hash = "sha256:c413a7b5ee569d1f1cb4a9dad2cd7da7478193c5f2b933a9417bee74e83ff9ec", size = 268733, upload-time = "2025-12-02T05:48:56.847Z" },
    { url = "https://files.pythonhosted.org/packages/1d/ed/ff1836c630dec187b7b0cd63a9a0b7273c4faab0f5e03b438e18b5764661/neologdn-0.5.6-cp313-cp313-manylinux_2_24_s390x.manylinux_2_28_s390x.whl", hash = "sha256:9f8bb185710cf749cb00374a61099040c59ec4be9a067de25b347d1ca12fcddf", size = 273136, upload-time = "2025-12-02T05:48:58.062Z" },
    { url = "https://files.pythonhosted.org/packages/4e/a3/faa29bb0faafc49b3e4e1638bee8a09bb6dab769d359c0dcc437cad0659f/neologdn-0.5.6-cp313-cp313-manylinux_2_24_x86_64.manylinux_2_28_x86_64.whl", hash = "sha256:5f62fa856cb8051f2f9705d4bd867b95f76ab641fabe55d5982af3aa85b0f791", size = 266393, upload-time = "2025-12-02T05:48:59.288Z" },
    { url = "https://files.pythonhosted.org/packages/ea/7b/143c1639721d81ddb7763d26fbb38cdff716196b1956d9ae91d77911700c/neologdn-0.5.6-cp313-cp313-musllinux_1_2_aarch64.whl", hash = "sha256:f1d4115458680e02d30480dba7ba16001b646a7108f939f38db83495a88bd92f", size = 1234561, upload-time = "2025-12-02T05:49:00.562Z" },
    { url = "https://files.pythonhosted.org/packages/b8/89/0421b6bddd087803459e3342ebbdb8fe01c111025c1b06738255ae265a6f/neologdn-0.5.6-cp313-cp313-musllinux_1_2_ppc64le.whl", hash = "sha256:cf17881f495754d50bd537e987eae1379c93beec6718ae67a767338cf378775a", size = 1321046, upload-time = "2025-12-02T05:49:02.033Z" },
    { url = "https://files.pythonhosted.org/packages/ee/cf/7aa4e6292ca913a2acd482f8bfcc8e38cde7853a7889d4e4fea0cb884991/neologdn-0.5.6-cp313-cp313-musllinux_1_2_s390x.whl", hash = "sha256:407960196b75b14355716572e78bad79d55f146a311799f20e2e7ccf932074dc", size = 1435283, upload-time = "2025-12-02T05:49:03.776Z" },
    { url = "https://files.pythonhosted.org/packages/f5/69/36690650324a0886f8124f98269465993635211e02902e76c82791018784/neologdn-0.5.6-cp313-cp313-musllinux_1_2_x86_64.whl", hash = "sha256:d69230bc9f964cff36718b1d84c4aa33cd06532845f2192a82be0f9be0b45fa1", size = 1293545, upload-time = "2025-12-02T05:49:05.122Z" },
    { url = "https://files.pythonhosted.org/packages/d3/1f/bb248512a3f934cea54912e07bd11a55991168c203aa61ab4b0f300eb92f/neologdn-0.5.6-cp313-cp313-win32.whl", hash = "sha256:4841c66642341f61cfe32af184ad54af3c077d55ece0801a578e96bf3312c9ea", size = 44052, upload-time = "2025-12-02T05:49:06.603Z" },
    { url = "https://files.pythonhosted.org/packages/1d/4e/737bc72305a0023514fbe7c53691658661a75e8be62d12d960a159b0e882/neologdn-0.5.6-cp313-cp313-win_amd64.whl", hash = "sha256:de888dc6aaac754cd0be5d6d182266f1e16401e4709f84816a87e9727674d38e", size = 46844, upload-time = "2025-12-02T05:49:07.73Z" },
    { url = "https://files.pythonhosted.org/packages/5f/65/8154765b0f9657a790566d4d19c2d122d1c33feb0f1654babbe699a6f045/neologdn-0.5.6-cp313-cp313-win_arm64.whl", hash = "sha256:e095cfb700e082489f9a2c089ba5eb0a3a1de212ddc5307bae151bdd322b6beb", size = 41696, upload-time = "2025-12-02T05:49:08.715Z" },
    { url = "https://files.pythonhosted.org/packages/b7/05/e59dae7aa3c66a61d59efd3ea047f03265c6ede9751a37092c78c4d2f719/neologdn-0.5.6-cp314-cp314-macosx_10_15_universal2.whl", hash = "sha256:c213181b47b4bfb7781fc020a8d37d813341fe6412c37272dea5d7db5aadc0df", size = 83904, upload-time = "2025-12-02T05:49:09.743Z" },
    { url = "https://files.pythonhosted.org/packages/f2/36/37ba26398c17fe2269f0e228b6cc0e5886b91bba5f5981742edb2cdfde6d/neologdn-0.5.6-cp314-cp314-macosx_10_15_x86_64.whl", hash = "sha256:2cf7babe59d9640137dc7818e4654de369e42bf26d718db04539e334119c7b68", size = 47494, upload-time = "2025-12-02T05:49:10.865Z" },
    { url = "https://files.pythonhosted.org/packages/33/c1/194e99707aa193d8e485418749f36b5d10e58fd23818dc36ed55525f6d60/neologdn-0.5.6-cp314-cp314-macosx_11_0_arm64.whl", hash = "sha256:0357e085fac0774e380b8fcb237fb00f086163c9f599b5babefd3dc47ac5ee31", size = 45982, upload-time = "2025-12-02T05:49:12.194Z" },
    { url = "https://files.pythonhosted.org/packages/de/a9/be173067fb26bbcf9883de92d5d896cd758d7b0f1c8ad6ece646858fec35/neologdn-0.5.6-cp314-cp314-manylinux_2_24_aarch64.manylinux_2_28_aarch64.whl", hash = "sha256:9b545a502823792b1c88e521ed3e7adc6df810d91a2ee0e7bbb319d52e976e14", size = 261289, upload-time = "2025-12-02T05:49:13.316Z" },
    { url = "https://files.pythonhosted.org/packages/b6/05/484f2d82454db4d2ad193e4ce0c6b2c99d9aeb90604f5575df75db098586/neologdn-0.5.6-cp314-cp314-manylinux_2_24_ppc64le.manylinux_2_28_ppc64le.whl", hash = "sha256:b25b6a82c279e9ef6c480db69b4c283102cbd4083714fec57839f6d1ebee0d79", size = 269132, upload-time = "2025-12-02T05:49:14.919Z" },
    { url = "https://files.pythonhosted.org/packages/68/35/0daa36b8084445c3a08b1ae931170abe715bd0142097be0c74c07097c8dc/neologdn-0.5.6-cp314-cp314-manylinux_2_24_s390x.manylinux_2_28_s390x.whl", hash = "sha256:9f546b11df94f610a6a75600e785fd4a3f3b823091538d66263b7ddf5510d715", size = 269913, upload-time = "2025-12-02T05:49:16.496Z" },
    { url = "https://files.pythonhosted.org/packages/a9/e0/7073a5aade91db4fd6276c1b2e296995942ad5efcfd8485aa3f6a03eaff2/neologdn-0.5.6-cp314-cp314-manylinux_2_24_x86_64.manylinux_2_28_x86_64.whl", hash = "sha256:83f751bb597958e50fbe5fe46edef1012a5b97ad27cae0f379342506e40ee0ad", size = 264548, upload-time = "2025-12-02T05:49:17.68Z" },
    { url = "https://files.pythonhosted.org/packages/a7/6d/36701dca57c5dc0adee0a95564e0c82635a3a74c38d80908e2a7bc81cb9e/neologdn-0.5.6-cp314-cp314-musllinux_1_2_aarch64.whl", hash = "sha256:d61c93652b270e0ca7fd29336becc38678e92d58c0426fb31a55bdd30db979f5", size = 1234503, upload-time = "2025-12-02T05:49:18.98Z" },
    { url = "https://files.pythonhosted.org/packages/e9/3d/e9d1225eef6b055a57a559291593ad3dca6bbf982cde4a4f563251657765/neologdn-0.5.6-cp314-cp314-musllinux_1_2_ppc64le.whl", hash = "sha256:7a1feca3578a672d54bc0d347c81f7f5d956596223eb132ed0bbf3b0ef198482", size = 1320791, upload-time = "2025-12-02T05:49:20.312Z" },
    { url = "https://files.pythonhosted.org/packages/bb/5c/9b864d5486cf3d753edd132a891c13c46338fa1617db7dab42996ba0a588/neologdn-0.5.6-cp314-cp314-musllinux_1_2_s390x.whl", hash = "sha256:0f9645663413591c127f0fb4baf695c0d01625293771d381ed4925ca74e6e4d6", size = 1433931, upload-time = "2025-12-02T05:49:22.409Z" },
    { url = "https://files.pythonhosted.org/packages/d0/b3/dd99831fb2f8884d9d3169c377359ee68d263f1213b2ea4fd0fbdebc56af/neologdn-0.5.6-cp314-cp314-musllinux_1_2_x86_64.whl", hash = "sha256:e460610728972441564b9719a0d7a3cdcca18ddd22c3764a47b52d4ab0e9cb23", size = 1292135, upload-time = "2025-12-02T05:49:23.683Z" },
    { url = "https://files.pythonhosted.org/packages/b2/74/f661e42cbd781ad0b46864932c950fab3b78cf3263b934c75575dc73aca6/neologdn-0.5.6-cp314-cp314-win32.whl", hash = "sha256:7cc61d7cf08ea5357d181ea4ad5e686d842f244ca1ea3b3c1a11504870569e10", size = 45692, upload-time = "2025-12-02T05:49:25.128Z" },
    { url = "https://files.pythonhosted.org/packages/45/f7/2652432a592755420afcb465fde84ce722598a74395c57d41986a22b2085/neologdn-0.5.6-cp314-cp314-win_amd64.whl", hash = "sha256:1220a9aacfdbda7096324b9a5a0602774049fd1d8fdd8069ecadb49aed97c166", size = 48365, upload-time = "2025-12-02T05:49:26.136Z" },
    { url = "https://files.pythonhosted.org/packages/4b/fc/5fadb456bafd445112a58b2e33ee838025c65a82d7b6a79591bf0ca939d3/neologdn-0.5.6-cp314-cp314-win_arm64.whl", hash = "sha256:37aa6fc7d31b9f96b156d47637a791e12ea9bacc653e12f4573419462cc62c36", size = 43236, upload-time = "2025-12-02T05:49:27.169Z" },
    { url = "https://files.pythonhosted.org/packages/67/81/dafa08c4538114bcd57a1e86225649f2b51431e83239965f45452913acca/neologdn-0.5.6-cp314-cp314t-macosx_10_15_universal2.whl", hash = "sha256:e547113d4727e70218d23ca433aeb1bb3bca93e6718c2a7ab4fcbe4e9a24c4e3", size = 89863, upload-time = "2025-12-02T05:49:28.201Z" },
    { url = "https://files.pythonhosted.org/packages/fc/2f/d22c52759209d2c44e4626d71c4b15ec35945af8cce609c4e04f84240c39/neologdn-0.5.6-cp314-cp314t-macosx_10_15_x86_64.whl", hash = "sha256:f02b27a703806fb593065b48ddfb3d93e48b5efa4c86ca2167300fd2a2a698c4", size = 50571, upload-time = "2025-12-02T05:49:29.203Z" },
    { url = "https://files.pythonhosted.org/packages/af/78/8bc5114e32dd8f63c12bfc883aa562831cf9d5a6d4b2543fd87e22a8cca9/neologdn-0.5.6-cp314-cp314t-macosx_11_0_arm64.whl", hash = "sha256:c3bdbaa8494709665300b631d76541bf68b0b9983ebf91d4820edd41da880eb7", size = 49161, upload-time = "2025-12-02T05:49:30.281Z" },
    { url = "https://files.pythonhosted.org/packages/1d/62/c9f4ff12154835b1900136734a22a6bdb69b80ddb8d3b42d16c1aaba5bd3/neologdn-0.5.6-cp314-cp314t-manylinux_2_24_aarch64.manylinux_2_28_aarch64.whl", hash = "sha256:87642a284ff190aa72127d4a4e4c6a02e1a830a1b0e6a8007dbd65055d012e1d", size = 311581, upload-time = "2025-12-02T05:49:31.343Z" },
    { url = "https://files.pythonhosted.org/packages/7a/71/b5246f1855181a956f35a19bb92fcf20194ddaa74e2d200163df1705610e/neologdn-0.5.6-cp314-cp314t-manylinux_2_24_ppc64le.manylinux_2_28_ppc64le.whl", hash = "sha256:ba45a2a43fada92c201368ab195a5be530420c194bd1877f1e5b3373c19a89f3", size = 314030, upload-time = "2025-12-02T05:49:32.532Z" },
    { url = "https://files.pythonhosted.org/packages/13/13/fe9e4684c3833b6d037d1e591c82ae3820d74ee1c51586990334c31a99c8/neologdn-0.5.6-cp314-cp314t-manylinux_2_24_s390x.manylinux_2_28_s390x.whl", hash = "sha256:60b0691d3a504b6f50cc597e8eb41d90de4c642884f4414cb0ddff732cc566ef", size = 315558, upload-time = "2025-12-02T05:49:33.766Z" },
    { url = "https://files.pythonhosted.org/packages/9d/3f/b2891d21cae437d58cdd5a5609b69264a75c49f4fb42d38dd5277bdf31c3/neologdn-0.5.6-cp314-cp314t-manylinux_2_24_x86_64.manylinux_2_28_x86_64.whl", hash = "sha256:53fec94abeab5bda8082462fe7c986cd00766deb8d8568430331ab29574e4b62", size = 306956, upload-time = "2025-12-02T05:49:34.971Z" },
    { url = "https://files.pythonhosted.org/packages/70/06/e04fc647261df6c1e490b25370c0f198d27d23ac46fb669f02c383860802/neologdn-0.5.6-cp314-cp314t-musllinux_1_2_aarch64.whl", hash = "sha256:2b2d9f05b1aa918cd6840476c3e6b9f1b19d29acfadbbcd338e536687ffd5331", size = 1281289, upload-time = "2025-12-02T05:49:36.18Z" },
    { url = "https://files.pythonhosted.org/packages/d0/bf/b6bad21f16a936c66d12f415267d1d986352c75a73713071570955d0f59f/neologdn-0.5.6-cp314-cp314t-musllinux_1_2_ppc64le.whl", hash = "sha256:18f8fff008d47f13640545d89fdb05faa46e540c4a29017d129608b1f9f7ef00", size = 1363900, upload-time = "2025-12-02T05:49:37.496Z" },
    { url = "https://files.pythonhosted.org/packages/36/5c/0e3074106f6d6ffb591d2bf93653c8713cdf7ab02bbb41dc450ce003ad0e/neologdn-0.5.6-cp314-cp314t-musllinux_1_2_s390x.whl", hash = "sha256:eb708b26a49e08fbf781169c1ce5f38141a2ab3edc98f209b54397ed51e6db03", size = 1475291, upload-time = "2025-12-02T05:49:38.975Z" },
    { url = "https://files.pythonhosted.org/packages/8c/96/bd5dcdc97701f29b32320c9b87eca02fc790f5eeb36f074701db285c5111/neologdn-0.5.6-cp314-cp314t-musllinux_1_2_x86_64.whl", hash = "sha256:3ab7c99ebd8f5e765f90080b8d39de9e4578c210a84262fb4f428a1b3fb9fdd1", size = 1333281, upload-time = "2025-12-02T05:49:40.389Z" },
    { url = "https://files.pythonhosted.org/packages/08/43/36781512b32a620934438cf4086ead2cf43cc01c64203fa3a6f498dd0b20/neologdn-0.5.6-cp314-cp314t-win32.whl", hash = "sha256:848d1d14e1feea7b619e688e7d727b6ad97be9039d81591a551e7c6ea9aa983a", size = 49112, upload-time = "2025-12-02T05:49:41.603Z" },
    { url = "https://files.pythonhosted.org/packages/bc/74/4f99524e3784104fdc0660f38d4c8a8834a129194d80f962f22277f4745b/neologdn-0.5.6-cp314-cp314t-win_amd64.whl", hash = "sha256:67c8401fbc6f2a7462a719a42f9ad1979a8f7b2cd392eba91a82bc306063f15f", size = 52799, upload-time = "2025-12-02T05:49:43.103Z" },
    { url = "https://files.pythonhosted.org/packages/59/33/e2d4fde79d50550874c93832afbc7a3787adfcde7e882666b9bb7ae5e51e/neologdn-0.5.6-cp314-cp314t-win_arm64.whl", hash = "sha256:37d82f9694cdfc062f6c050729c0dece3cfd26a57a23cde2a93c1b052e3c7c3f", size = 45755, upload-time = "2025-12-02T05:49:44.313Z" },
]

[[package]]
name = "packaging"
version = "26.0"
source = { registry = "https://pypi.org/simple" }
sdist = { url = "https://files.pythonhosted.org/packages/65/ee/299d360cdc32edc7d2cf530f3accf79c4fca01e96ffc950d8a52213bd8e4/packaging-26.0.tar.gz", hash = "sha256:00243ae351a257117b6a241061796684b084ed1c516a08c48a3f7e147a9d80b4", size = 143416, upload-time = "2026-01-21T20:50:39.064Z" }
wheels = [
    { url = "https://files.pythonhosted.org/packages/b7/b9/c538f279a4e237a006a2c98387d081e9eb060d203d8ed34467cc0f0b9b53/packaging-26.0-py3-none-any.whl", hash = "sha256:b36f1fef9334a5588b4166f8bcd26a14e521f2b55e6b9de3aaa80d3ff7a37529", size = 74366, upload-time = "2026-01-21T20:50:37.788Z" },
]

[[package]]
name = "pluggy"
version = "1.6.0"
source = { registry = "https://pypi.org/simple" }
sdist = { url = "https://files.pythonhosted.org/packages/f9/e2/3e91f31a7d2b083fe6ef3fa267035b518369d9511ffab804f839851d2779/pluggy-1.6.0.tar.gz", hash = "sha256:7dcc130b76258d33b90f61b658791dede3486c3e6bfb003ee5c9bfb396dd22f3", size = 69412, upload-time = "2025-05-15T12:30:07.975Z" }
wheels = [
    { url = "https://files.pythonhosted.org/packages/54/20/4d324d65cc6d9205fabedc306948156824eb9f0ee1633355a8f7ec5c66bf/pluggy-1.6.0-py3-none-any.whl", hash = "sha256:e920276dd6813095e9377c0bc5566d94c932c33b27a3e3945d8389c374dd4746", size = 20538, upload-time = "2025-05-15T12:30:06.134Z" },
]

[[package]]
name = "pygments"
version = "2.19.2"
source = { registry = "https://pypi.org/simple" }
sdist = { url = "https://files.pythonhosted.org/packages/b0/77/a5b8c569bf593b0140bde72ea885a803b82086995367bf2037de0159d924/pygments-2.19.2.tar.gz", hash = "sha256:636cb2477cec7f8952536970bc533bc43743542f70392ae026374600add5b887", size = 4968631, upload-time = "2025-06-21T13:39:12.283Z" }
wheels = [
    { url = "https://files.pythonhosted.org/packages/c7/21/705964c7812476f378728bdf590ca4b771ec72385c533964653c68e86bdc/pygments-2.19.2-py3-none-any.whl", hash = "sha256:86540386c03d588bb81d44bc3928634ff26449851e99741617ecb9037ee5ec0b", size = 1225217, upload-time = "2025-06-21T13:39:07.939Z" },
]

[[package]]
name = "pytest"
version = "9.0.2"
source = { registry = "https://pypi.org/simple" }
dependencies = [
    { name = "colorama", marker = "sys_platform == 'win32'" },
    { name = "iniconfig" },
    { name = "packaging" },
    { name = "pluggy" },
    { name = "pygments" },
]
sdist = { url = "https://files.pythonhosted.org/packages/d1/db/7ef3487e0fb0049ddb5ce41d3a49c235bf9ad299b6a25d5780a89f19230f/pytest-9.0.2.tar.gz", hash = "sha256:75186651a92bd89611d1d9fc20f0b4345fd827c41ccd5c299a868a05d70edf11", size = 1568901, upload-time = "2025-12-06T21:30:51.014Z" }
wheels = [
    { url = "https://files.pythonhosted.org/packages/3b/ab/b3226f0bd7cdcf710fbede2b3548584366da3b19b5021e74f5bde2a8fa3f/pytest-9.0.2-py3-none-any.whl", hash = "sha256:711ffd45bf766d5264d487b917733b453d917afd2b0ad65223959f59089f875b", size = 374801, upload-time = "2025-12-06T21:30:49.154Z" },
]

[[package]]
name = "ruff"
version = "0.14.14"
source = { registry = "https://pypi.org/simple" }
sdist = { url = "https://files.pythonhosted.org/packages/2e/06/f71e3a86b2df0dfa2d2f72195941cd09b44f87711cb7fa5193732cb9a5fc/ruff-0.14.14.tar.gz", hash = "sha256:2d0f819c9a90205f3a867dbbd0be083bee9912e170fd7d9704cc8ae45824896b", size = 4515732, upload-time = "2026-01-22T22:30:17.527Z" }
wheels = [
    { url = "https://files.pythonhosted.org/packages/d2/89/20a12e97bc6b9f9f68343952da08a8099c57237aef953a56b82711d55edd/ruff-0.14.14-py3-none-linux_armv6l.whl", hash = "sha256:7cfe36b56e8489dee8fbc777c61959f60ec0f1f11817e8f2415f429552846aed", size = 10467650, upload-time = "2026-01-22T22:30:08.578Z" },
    { url = "https://files.pythonhosted.org/packages/a3/b1/c5de3fd2d5a831fcae21beda5e3589c0ba67eec8202e992388e4b17a6040/ruff-0.14.14-py3-none-macosx_10_12_x86_64.whl", hash = "sha256:6006a0082336e7920b9573ef8a7f52eec837add1265cc74e04ea8a4368cd704c", size = 10883245, upload-time = "2026-01-22T22:30:04.155Z" },
    { url = "https://files.pythonhosted.org/packages/b8/7c/3c1db59a10e7490f8f6f8559d1db8636cbb13dccebf18686f4e3c9d7c772/ruff-0.14.14-py3-none-macosx_11_0_arm64.whl", hash = "sha256:026c1d25996818f0bf498636686199d9bd0d9d6341c9c2c3b62e2a0198b758de", size = 10231273, upload-time = "2026-01-22T22:30:34.642Z" },
    { url = "https://files.pythonhosted.org/packages/a1/6e/5e0e0d9674be0f8581d1f5e0f0a04761203affce3232c1a1189d0e3b4dad/ruff-0.14.14-py3-none-manylinux_2_17_aarch64.manylinux2014_aarch64.whl", hash = "sha256:f666445819d31210b71e0a6d1c01e24447a20b85458eea25a25fe8142210ae0e", size = 10585753, upload-time = "2026-01-22T22:30:31.781Z" },
    { url = "https://files.pythonhosted.org/packages/23/09/754ab09f46ff1884d422dc26d59ba18b4e5d355be147721bb2518aa2a014/ruff-0.14.14-py3-none-manylinux_2_17_armv7l.manylinux2014_armv7l.whl", hash = "sha256:3c0f18b922c6d2ff9a5e6c3ee16259adc513ca775bcf82c67ebab7cbd9da5bc8", size = 10286052, upload-time = "2026-01-22T22:30:24.827Z" },
    { url = "https://files.pythonhosted.org/packages/c8/cc/e71f88dd2a12afb5f50733851729d6b571a7c3a35bfdb16c3035132675a0/ruff-0.14.14-py3-none-manylinux_2_17_i686.manylinux2014_i686.whl", hash = "sha256:1629e67489c2dea43e8658c3dba659edbfd87361624b4040d1df04c9740ae906", size = 11043637, upload-time = "2026-01-22T22:30:13.239Z" },
    { url = "https://files.pythonhosted.org/packages/67/b2/397245026352494497dac935d7f00f1468c03a23a0c5db6ad8fc49ca3fb2/ruff-0.14.14-py3-none-manylinux_2_17_ppc64.manylinux2014_ppc64.whl", hash = "sha256:27493a2131ea0f899057d49d303e4292b2cae2bb57253c1ed1f256fbcd1da480", size = 12194761, upload-time = "2026-01-22T22:30:22.542Z" },
    { url = "https://files.pythonhosted.org/packages/5b/06/06ef271459f778323112c51b7587ce85230785cd64e91772034ddb88f200/ruff-0.14.14-py3-none-manylinux_2_17_ppc64le.manylinux2014_ppc64le.whl", hash = "sha256:01ff589aab3f5b539e35db38425da31a57521efd1e4ad1ae08fc34dbe30bd7df", size = 12005701, upload-time = "2026-01-22T22:30:20.499Z" },
    { url = "https://files.pythonhosted.org/packages/41/d6/99364514541cf811ccc5ac44362f88df66373e9fec1b9d1c4cc830593fe7/ruff-0.14.14-py3-none-manylinux_2_17_s390x.manylinux2014_s390x.whl", hash = "sha256:1cc12d74eef0f29f51775f5b755913eb523546b88e2d733e1d701fe65144e89b", size = 11282455, upload-time = "2026-01-22T22:29:59.679Z" },
    { url = "https://files.pythonhosted.org/packages/ca/71/37daa46f89475f8582b7762ecd2722492df26421714a33e72ccc9a84d7a5/ruff-0.14.14-py3-none-manylinux_2_17_x86_64.manylinux2014_x86_64.whl", hash = "sha256:bb8481604b7a9e75eff53772496201690ce2687067e038b3cc31aaf16aa0b974", size = 11215882, upload-time = "2026-01-22T22:29:57.032Z" },
    { url = "https://files.pythonhosted.org/packages/2c/10/a31f86169ec91c0705e618443ee74ede0bdd94da0a57b28e72db68b2dbac/ruff-0.14.14-py3-none-manylinux_2_31_riscv64.whl", hash = "sha256:14649acb1cf7b5d2d283ebd2f58d56b75836ed8c6f329664fa91cdea19e76e66", size = 11180549, upload-time = "2026-01-22T22:30:27.175Z" },
    { url = "https://files.pythonhosted.org/packages/fd/1e/c723f20536b5163adf79bdd10c5f093414293cdf567eed9bdb7b83940f3f/ruff-0.14.14-py3-none-musllinux_1_2_aarch64.whl", hash = "sha256:e8058d2145566510790eab4e2fad186002e288dec5e0d343a92fe7b0bc1b3e13", size = 10543416, upload-time = "2026-01-22T22:30:01.964Z" },
    { url = "https://files.pythonhosted.org/packages/3e/34/8a84cea7e42c2d94ba5bde1d7a4fae164d6318f13f933d92da6d7c2041ff/ruff-0.14.14-py3-none-musllinux_1_2_armv7l.whl", hash = "sha256:e651e977a79e4c758eb807f0481d673a67ffe53cfa92209781dfa3a996cf8412", size = 10285491, upload-time = "2026-01-22T22:30:29.51Z" },
    { url = "https://files.pythonhosted.org/packages/55/ef/b7c5ea0be82518906c978e365e56a77f8de7678c8bb6651ccfbdc178c29f/ruff-0.14.14-py3-none-musllinux_1_2_i686.whl", hash = "sha256:cc8b22da8d9d6fdd844a68ae937e2a0adf9b16514e9a97cc60355e2d4b219fc3", size = 10733525, upload-time = "2026-01-22T22:30:06.499Z" },
    { url = "https://files.pythonhosted.org/packages/6a/5b/aaf1dfbcc53a2811f6cc0a1759de24e4b03e02ba8762daabd9b6bd8c59e3/ruff-0.14.14-py3-none-musllinux_1_2_x86_64.whl", hash = "sha256:16bc890fb4cc9781bb05beb5ab4cd51be9e7cb376bf1dd3580512b24eb3fda2b", size = 11315626, upload-time = "2026-01-22T22:30:36.848Z" },
    { url = "https://files.pythonhosted.org/packages/2c/aa/9f89c719c467dfaf8ad799b9bae0df494513fb21d31a6059cb5870e57e74/ruff-0.14.14-py3-none-win32.whl", hash = "sha256:b530c191970b143375b6a68e6f743800b2b786bbcf03a7965b06c4bf04568167", size = 10502442, upload-time = "2026-01-22T22:30:38.93Z" },
    { url = "https://files.pythonhosted.org/packages/87/44/90fa543014c45560cae1fffc63ea059fb3575ee6e1cb654562197e5d16fb/ruff-0.14.14-py3-none-win_amd64.whl", hash = "sha256:3dde1435e6b6fe5b66506c1dff67a421d0b7f6488d466f651c07f4cab3bf20fd", size = 11630486, upload-time = "2026-01-22T22:30:10.852Z" },
    { url = "https://files.pythonhosted.org/packages/9e/6a/40fee331a52339926a92e17ae748827270b288a35ef4a15c9c8f2ec54715/ruff-0.14.14-py3-none-win_arm64.whl", hash = "sha256:56e6981a98b13a32236a72a8da421d7839221fa308b223b9283312312e5ac76c", size = 10920448, upload-time = "2026-01-22T22:30:15.417Z" },
]

[[package]]
name = "ty"
version = "0.0.13"
source = { registry = "https://pypi.org/simple" }
sdist = { url = "https://files.pythonhosted.org/packages/5a/dc/b607f00916f5a7c52860b84a66dc17bc6988e8445e96b1d6e175a3837397/ty-0.0.13.tar.gz", hash = "sha256:7a1d135a400ca076407ea30012d1f75419634160ed3b9cad96607bf2956b23b3", size = 4999183, upload-time = "2026-01-21T13:21:16.133Z" }
wheels = [
    { url = "https://files.pythonhosted.org/packages/1a/df/3632f1918f4c0a33184f107efc5d436ab6da147fd3d3b94b3af6461efbf4/ty-0.0.13-py3-none-linux_armv6l.whl", hash = "sha256:1b2b8e02697c3a94c722957d712a0615bcc317c9b9497be116ef746615d892f2", size = 9993501, upload-time = "2026-01-21T13:21:26.628Z" },
    { url = "https://files.pythonhosted.org/packages/92/87/6a473ced5ac280c6ce5b1627c71a8a695c64481b99aabc798718376a441e/ty-0.0.13-py3-none-macosx_10_12_x86_64.whl", hash = "sha256:f15cdb8e233e2b5adfce673bb21f4c5e8eaf3334842f7eea3c70ac6fda8c1de5", size = 9860986, upload-time = "2026-01-21T13:21:24.425Z" },
    { url = "https://files.pythonhosted.org/packages/5d/9b/d89ae375cf0a7cd9360e1164ce017f8c753759be63b6a11ed4c944abe8c6/ty-0.0.13-py3-none-macosx_11_0_arm64.whl", hash = "sha256:0819e89ac9f0d8af7a062837ce197f0461fee2fc14fd07e2c368780d3a397b73", size = 9350748, upload-time = "2026-01-21T13:21:28.502Z" },
    { url = "https://files.pythonhosted.org/packages/a8/a6/9ad58518056fab344b20c0bb2c1911936ebe195318e8acc3bc45ac1c6b6b/ty-0.0.13-py3-none-manylinux_2_17_aarch64.manylinux2014_aarch64.whl", hash = "sha256:1de79f481084b7cc7a202ba0d7a75e10970d10ffa4f025b23f2e6b7324b74886", size = 9849884, upload-time = "2026-01-21T13:21:21.886Z" },
    { url = "https://files.pythonhosted.org/packages/b1/c3/8add69095fa179f523d9e9afcc15a00818af0a37f2b237a9b59bc0046c34/ty-0.0.13-py3-none-manylinux_2_17_armv7l.manylinux2014_armv7l.whl", hash = "sha256:4fb2154cff7c6e95d46bfaba283c60642616f20d73e5f96d0c89c269f3e1bcec", size = 9822975, upload-time = "2026-01-21T13:21:14.292Z" },
    { url = "https://files.pythonhosted.org/packages/a4/05/4c0927c68a0a6d43fb02f3f0b6c19c64e3461dc8ed6c404dde0efb8058f7/ty-0.0.13-py3-none-manylinux_2_17_i686.manylinux2014_i686.whl", hash = "sha256:00be58d89337c27968a20d58ca553458608c5b634170e2bec82824c2e4cf4d96", size = 10294045, upload-time = "2026-01-21T13:21:30.505Z" },
    { url = "https://files.pythonhosted.org/packages/b4/86/6dc190838aba967557fe0bfd494c595d00b5081315a98aaf60c0e632aaeb/ty-0.0.13-py3-none-manylinux_2_17_ppc64le.manylinux2014_ppc64le.whl", hash = "sha256:72435eade1fa58c6218abb4340f43a6c3ff856ae2dc5722a247d3a6dd32e9737", size = 10916460, upload-time = "2026-01-21T13:21:07.788Z" },
    { url = "https://files.pythonhosted.org/packages/04/40/9ead96b7c122e1109dfcd11671184c3506996bf6a649306ec427e81d9544/ty-0.0.13-py3-none-manylinux_2_17_s390x.manylinux2014_s390x.whl", hash = "sha256:77a548742ee8f621d718159e7027c3b555051d096a49bb580249a6c5fc86c271", size = 10597154, upload-time = "2026-01-21T13:21:18.064Z" },
    { url = "https://files.pythonhosted.org/packages/aa/7d/e832a2c081d2be845dc6972d0c7998914d168ccbc0b9c86794419ab7376e/ty-0.0.13-py3-none-manylinux_2_17_x86_64.manylinux2014_x86_64.whl", hash = "sha256:da067c57c289b7cf914669704b552b6207c2cc7f50da4118c3e12388642e6b3f", size = 10410710, upload-time = "2026-01-21T13:21:12.388Z" },
    { url = "https://files.pythonhosted.org/packages/31/e3/898be3a96237a32f05c4c29b43594dc3b46e0eedfe8243058e46153b324f/ty-0.0.13-py3-none-musllinux_1_2_aarch64.whl", hash = "sha256:d1b50a01fffa140417fca5a24b658fbe0734074a095d5b6f0552484724474343", size = 9826299, upload-time = "2026-01-21T13:21:00.845Z" },
    { url = "https://files.pythonhosted.org/packages/bb/eb/db2d852ce0ed742505ff18ee10d7d252f3acfd6fc60eca7e9c7a0288a6d8/ty-0.0.13-py3-none-musllinux_1_2_armv7l.whl", hash = "sha256:0f33c46f52e5e9378378eca0d8059f026f3c8073ace02f7f2e8d079ddfe5207e", size = 9831610, upload-time = "2026-01-21T13:21:05.842Z" },
    { url = "https://files.pythonhosted.org/packages/9e/61/149f59c8abaddcbcbb0bd13b89c7741ae1c637823c5cf92ed2c644fcadef/ty-0.0.13-py3-none-musllinux_1_2_i686.whl", hash = "sha256:168eda24d9a0b202cf3758c2962cc295878842042b7eca9ed2965259f59ce9f2", size = 9978885, upload-time = "2026-01-21T13:21:10.306Z" },
    { url = "https://files.pythonhosted.org/packages/a0/cd/026d4e4af60a80918a8d73d2c42b8262dd43ab2fa7b28d9743004cb88d57/ty-0.0.13-py3-none-musllinux_1_2_x86_64.whl", hash = "sha256:d4917678b95dc8cb399cc459fab568ba8d5f0f33b7a94bf840d9733043c43f29", size = 10506453, upload-time = "2026-01-21T13:20:56.633Z" },
    { url = "https://files.pythonhosted.org/packages/63/06/8932833a4eca2df49c997a29afb26721612de8078ae79074c8fe87e17516/ty-0.0.13-py3-none-win32.whl", hash = "sha256:c1f2ec40daa405508b053e5b8e440fbae5fdb85c69c9ab0ee078f8bc00eeec3d", size = 9433482, upload-time = "2026-01-21T13:20:58.717Z" },
    { url = "https://files.pythonhosted.org/packages/aa/fd/e8d972d1a69df25c2cecb20ea50e49ad5f27a06f55f1f5f399a563e71645/ty-0.0.13-py3-none-win_amd64.whl", hash = "sha256:8b7b1ab9f187affbceff89d51076038363b14113be29bda2ddfa17116de1d476", size = 10319156, upload-time = "2026-01-21T13:21:03.266Z" },
    { url = "https://files.pythonhosted.org/packages/2d/c2/05fdd64ac003a560d4fbd1faa7d9a31d75df8f901675e5bed1ee2ceeff87/ty-0.0.13-py3-none-win_arm64.whl", hash = "sha256:1c9630333497c77bb9bcabba42971b96ee1f36c601dd3dcac66b4134f9fa38f0", size = 9808316, upload-time = "2026-01-21T13:20:54.053Z" },
]

[[package]]
name = "yomail"
version = "0.1.0"
source = { editable = "." }
dependencies = [
    { name = "neologdn" },
]

[package.dev-dependencies]
dev = [
    { name = "pytest" },
    { name = "ruff" },
    { name = "ty" },
]

[package.metadata]
requires-dist = [{ name = "neologdn", specifier = ">=0.5.6" }]

[package.metadata.requires-dev]
dev = [
    { name = "pytest", specifier = ">=9.0.2" },
    { name = "ruff", specifier = ">=0.14.14" },
    { name = "ty", specifier = ">=0.0.13" },
]
